
Microsoft Visual Studio Solution File, Format Version 12.00
# Visual Studio Version 17
VisualStudioVersion = 17.8.34525.116
MinimumVisualStudioVersion = 10.0.40219.1
Project("{FAE04EC0-301F-11D3-BF4B-00C04F79EFBC}") = "Workaround", "Workaround\Workaround.csproj", "{1E451585-FA78-4737-8E2F-2C96C5952563}"
EndProject
Project("{FAE04EC0-301F-11D3-BF4B-00C04F79EFBC}") = "Entities", "Entities\Entities.csproj", "{10DD6393-2804-4A54-8AAC-6E338F5C069F}"
EndProject
Project("{FAE04EC0-301F-11D3-BF4B-00C04F79EFBC}") = "Business", "Business\Business.csproj", "{E478A29B-18D9-4C47-93C9-FE1D405E65DA}"
EndProject
Global
	GlobalSection(SolutionConfigurationPlatforms) = preSolution
		Debug|Any CPU = Debug|Any CPU
		Release|Any CPU = Release|Any CPU
	EndGlobalSection
	GlobalSection(ProjectConfigurationPlatforms) = postSolution
		{1E451585-FA78-4737-8E2F-2C96C5952563}.Debug|Any CPU.ActiveCfg = Debug|Any CPU
		{1E451585-FA78-4737-8E2F-2C96C5952563}.Debug|Any CPU.Build.0 = Debug|Any CPU
		{1E451585-FA78-4737-8E2F-2C96C5952563}.Release|Any CPU.ActiveCfg = Release|Any CPU
		{1E451585-FA78-4737-8E2F-2C96C5952563}.Release|Any CPU.Build.0 = Release|Any CPU
		{10DD6393-2804-4A54-8AAC-6E338F5C069F}.Debug|Any CPU.ActiveCfg = Debug|Any CPU
		{10DD6393-2804-4A54-8AAC-6E338F5C069F}.Debug|Any CPU.Build.0 = Debug|Any CPU
		{10DD6393-2804-4A54-8AAC-6E338F5C069F}.Release|Any CPU.ActiveCfg = Release|Any CPU
		{10DD6393-2804-4A54-8AAC-6E338F5C069F}.Release|Any CPU.Build.0 = Release|Any CPU
		{E478A29B-18D9-4C47-93C9-FE1D405E65DA}.Debug|Any CPU.ActiveCfg = Debug|Any CPU
		{E478A29B-18D9-4C47-93C9-FE1D405E65DA}.Debug|Any CPU.Build.0 = Debug|Any CPU
		{E478A29B-18D9-4C47-93C9-FE1D405E65DA}.Release|Any CPU.ActiveCfg = Release|Any CPU
		{E478A29B-18D9-4C47-93C9-FE1D405E65DA}.Release|Any CPU.Build.0 = Release|Any CPU
	EndGlobalSection
	GlobalSection(SolutionProperties) = preSolution
		HideSolutionNode = FALSE
	EndGlobalSection
	GlobalSection(ExtensibilityGlobals) = postSolution
		SolutionGuid = {F4124F84-FC14-4487-AF64-CFBD2FE90726}
	EndGlobalSection
EndGlobal
